
Microsoft Visual Studio Solution File, Format Version 11.00
# Visual Studio 2010
Project("{888888A0-9F3D-457C-B088-3A5042F75D52}") = "recommendation", "recommendation\recommendation.pyproj", "{B4C60E33-68D9-4491-960F-1F7B8D7CC75C}"
EndProject
Global
	GlobalSection(SolutionConfigurationPlatforms) = preSolution
		Debug|Any CPU = Debug|Any CPU
		Release|Any CPU = Release|Any CPU
	EndGlobalSection
	GlobalSection(ProjectConfigurationPlatforms) = postSolution
		{B4C60E33-68D9-4491-960F-1F7B8D7CC75C}.Debug|Any CPU.ActiveCfg = Debug|Any CPU
		{B4C60E33-68D9-4491-960F-1F7B8D7CC75C}.Debug|Any CPU.Build.0 = Debug|Any CPU
		{B4C60E33-68D9-4491-960F-1F7B8D7CC75C}.Release|Any CPU.ActiveCfg = Release|Any CPU
		{B4C60E33-68D9-4491-960F-1F7B8D7CC75C}.Release|Any CPU.Build.0 = Release|Any CPU
	EndGlobalSection
	GlobalSection(SolutionProperties) = preSolution
		HideSolutionNode = FALSE
	EndGlobalSection
EndGlobal
