
Microsoft Visual Studio Solution File, Format Version 11.00
# Visual Studio 2010
Project("{888888A0-9F3D-457C-B088-3A5042F75D52}") = "treepredict", "treepredict.pyproj", "{5FB132EF-9498-40F7-8406-E4F801971B80}"
EndProject
Global
	GlobalSection(SolutionConfigurationPlatforms) = preSolution
		Debug|Any CPU = Debug|Any CPU
		Release|Any CPU = Release|Any CPU
	EndGlobalSection
	GlobalSection(ProjectConfigurationPlatforms) = postSolution
		{5FB132EF-9498-40F7-8406-E4F801971B80}.Debug|Any CPU.ActiveCfg = Debug|Any CPU
		{5FB132EF-9498-40F7-8406-E4F801971B80}.Debug|Any CPU.Build.0 = Debug|Any CPU
		{5FB132EF-9498-40F7-8406-E4F801971B80}.Release|Any CPU.ActiveCfg = Release|Any CPU
		{5FB132EF-9498-40F7-8406-E4F801971B80}.Release|Any CPU.Build.0 = Release|Any CPU
	EndGlobalSection
	GlobalSection(SolutionProperties) = preSolution
		HideSolutionNode = FALSE
	EndGlobalSection
EndGlobal
